{
  "name": "portfolio-sveltekit",
  "lockfileVersion": 3,
  "requires": true,
  "packages": {
    "": {
      "dependencies": {
        "svelte-material-icons": "^3.0.4"
      }
    },
    "node_modules/svelte": {
      "version": "3.59.1",
      "resolved": "https://registry.npmjs.org/svelte/-/svelte-3.59.1.tgz",
      "integrity": "sha512-pKj8fEBmqf6mq3/NfrB9SLtcJcUvjYSWyePlfCqN9gujLB25RitWK8PvFzlwim6hD/We35KbPlRteuA6rnPGcQ==",
      "peer": true,
      "engines": {
        "node": ">= 8"
      }
    },
    "node_modules/svelte-material-icons": {
      "version": "3.0.4",
      "resolved": "https://registry.npmjs.org/svelte-material-icons/-/svelte-material-icons-3.0.4.tgz",
      "integrity": "sha512-b126iWd/kMZgstYbGIocmGwN2txGFW+S+BY+d66yPRVSgcZgrnzRJWQbhn0OCy7dzzjkYfgI/i2PdWRukqu+RQ==",
      "peerDependencies": {
        "svelte": "^3.0.0"
      }
    }
  }
}
